<Solution Description="Visual Studio slnx file generated by Premake" Version="1.4">
  <Configurations>
    <Platform Name="x64" />
  </Configurations>
  <Project Path="../GoopieInstaller/GoopieInstaller.vdproj" Type="Installer">
    <Build />
  </Project>
  <Project Path="URGL-Launcher.vcxproj" Id="5e007d86-cac0-f8bc-93fb-413aff7a3d99">
    <BuildType Project="Release" />
  </Project>
</Solution>